<Solution>
  <Folder Name="/src/">
    <Project Path="src/MatrixTea.Engine.Core/MatrixTea.Engine.Core.csproj" />
    <Project Path="src/MatrixTea.Engine.MonoGame/MatrixTea.Engine.MonoGame.csproj" />
    <Project Path="src/MatrixTea.Engine.Desktop/MatrixTea.Engine.Desktop.csproj" />
    <Project Path="src/MatrixTea.Engine.Packaging/MatrixTea.Engine.Packaging.csproj" />
    <Project Path="src/MatrixTea.Packaging.Cli/MatrixTea.Packaging.Cli.csproj" />
    <Project Path="src/MatrixTea.Editor.Core/MatrixTea.Editor.Core.csproj" />
    <Project Path="src/MatrixTea.Editor/MatrixTea.Editor.csproj" />
  </Folder>
  <Folder Name="/tests/">
    <Project Path="tests/MatrixTea.Engine.Tests/MatrixTea.Engine.Tests.csproj" />
    <Project Path="tests/MatrixTea.Engine.HostSmoke/MatrixTea.Engine.HostSmoke.csproj" />
    <Project Path="tests/MatrixTea.Editor.Tests/MatrixTea.Editor.Tests.csproj" />
  </Folder>
  <Folder Name="/benchmarks/">
    <Project Path="benchmarks/MatrixTea.Engine.Benchmarks/MatrixTea.Engine.Benchmarks.csproj" />
  </Folder>
  <Folder Name="/examples/">
    <Project Path="examples/MatrixTea.Headless/MatrixTea.Headless.csproj" />
  </Folder>
  <Folder Name="/tools/"><Project Path="tools/MatrixTea.IconTool/MatrixTea.IconTool.csproj" /></Folder>
</Solution>
